
Microsoft Visual Studio Solution File, Format Version 12.00
# Visual Studio Version 17
VisualStudioVersion = 17.10.35027.167
MinimumVisualStudioVersion = 10.0.40219.1
Project("{2150E333-8FDC-42A3-9474-1A3956D46DE8}") = "Services", "Services", "{B79ADDB3-3249-4271-946D-5527AD50D818}"
EndProject
Project("{2150E333-8FDC-42A3-9474-1A3956D46DE8}") = "Order", "Order", "{7D1C9E88-DBF3-431C-A9C9-BA4DF5FFD61D}"
EndProject
Project("{2150E333-8FDC-42A3-9474-1A3956D46DE8}") = "Core", "Core", "{E48BDC82-AC33-4B10-9D5C-C8312011211B}"
EndProject
Project("{2150E333-8FDC-42A3-9474-1A3956D46DE8}") = "Infrastructure", "Infrastructure", "{A95EA03A-B710-4761-9F65-A889BBEEC676}"
EndProject
Project("{2150E333-8FDC-42A3-9474-1A3956D46DE8}") = "Presentation", "Presentation", "{C78D6DE9-426B-490D-B2C1-EBC374F259C2}"
EndProject
Project("{9A19103F-16F7-4668-BE54-9A1E7A4F7556}") = "TesodevBackendC.Order.Domain", "Services\Order\Core\TesodevBackendC.Order.Domain\TesodevBackendC.Order.Domain.csproj", "{15F193E2-B720-4002-AFEB-205F33A01D2B}"
EndProject
Project("{9A19103F-16F7-4668-BE54-9A1E7A4F7556}") = "TesodevBackendC.Order.Application", "Services\Order\Core\TesodevBackendC.Order.Application\TesodevBackendC.Order.Application.csproj", "{31B98DDE-2699-44C8-9466-51B65C90CC12}"
EndProject
Project("{9A19103F-16F7-4668-BE54-9A1E7A4F7556}") = "TesodevBackendC.Order.Persistence", "Services\Order\Infrastructure\TesodevBackendC.Order.Persistence\TesodevBackendC.Order.Persistence.csproj", "{4C01F0C8-82BB-4E43-9096-2CF268795740}"
EndProject
Project("{9A19103F-16F7-4668-BE54-9A1E7A4F7556}") = "TesodevBackendC.Order.WebApi", "Services\Order\Presentation\TesodevBackendC.Order.WebApi\TesodevBackendC.Order.WebApi.csproj", "{B54AC425-ACDC-4C6A-A6E6-CBF1503EF0C3}"
EndProject
Project("{2150E333-8FDC-42A3-9474-1A3956D46DE8}") = "Customer", "Customer", "{7DBF4253-215B-417E-93F4-7BEF9E1949EF}"
EndProject
Project("{9A19103F-16F7-4668-BE54-9A1E7A4F7556}") = "TesodevBackendC.Customer.WebApi", "Services\Customer\TesodevBackendC.Customer.WebApi\TesodevBackendC.Customer.WebApi.csproj", "{86CD6160-C57A-44DE-A871-EDE69E13ABB6}"
EndProject
Project("{2150E333-8FDC-42A3-9474-1A3956D46DE8}") = "ApiGateway", "ApiGateway", "{920B69EF-E06B-4D23-A2CD-1BB048077760}"
EndProject
Project("{FAE04EC0-301F-11D3-BF4B-00C04F79EFBC}") = "TesodevBackendC.OcelotGateway", "ApiGateway\TesodevBackendC.OcelotGateway\TesodevBackendC.OcelotGateway.csproj", "{95F2CCF1-B198-4A19-A373-59A7BE010F5F}"
EndProject
Global
	GlobalSection(SolutionConfigurationPlatforms) = preSolution
		Debug|Any CPU = Debug|Any CPU
		Release|Any CPU = Release|Any CPU
	EndGlobalSection
	GlobalSection(ProjectConfigurationPlatforms) = postSolution
		{15F193E2-B720-4002-AFEB-205F33A01D2B}.Debug|Any CPU.ActiveCfg = Debug|Any CPU
		{15F193E2-B720-4002-AFEB-205F33A01D2B}.Debug|Any CPU.Build.0 = Debug|Any CPU
		{15F193E2-B720-4002-AFEB-205F33A01D2B}.Release|Any CPU.ActiveCfg = Release|Any CPU
		{15F193E2-B720-4002-AFEB-205F33A01D2B}.Release|Any CPU.Build.0 = Release|Any CPU
		{31B98DDE-2699-44C8-9466-51B65C90CC12}.Debug|Any CPU.ActiveCfg = Debug|Any CPU
		{31B98DDE-2699-44C8-9466-51B65C90CC12}.Debug|Any CPU.Build.0 = Debug|Any CPU
		{31B98DDE-2699-44C8-9466-51B65C90CC12}.Release|Any CPU.ActiveCfg = Release|Any CPU
		{31B98DDE-2699-44C8-9466-51B65C90CC12}.Release|Any CPU.Build.0 = Release|Any CPU
		{4C01F0C8-82BB-4E43-9096-2CF268795740}.Debug|Any CPU.ActiveCfg = Debug|Any CPU
		{4C01F0C8-82BB-4E43-9096-2CF268795740}.Debug|Any CPU.Build.0 = Debug|Any CPU
		{4C01F0C8-82BB-4E43-9096-2CF268795740}.Release|Any CPU.ActiveCfg = Release|Any CPU
		{4C01F0C8-82BB-4E43-9096-2CF268795740}.Release|Any CPU.Build.0 = Release|Any CPU
		{B54AC425-ACDC-4C6A-A6E6-CBF1503EF0C3}.Debug|Any CPU.ActiveCfg = Debug|Any CPU
		{B54AC425-ACDC-4C6A-A6E6-CBF1503EF0C3}.Debug|Any CPU.Build.0 = Debug|Any CPU
		{B54AC425-ACDC-4C6A-A6E6-CBF1503EF0C3}.Release|Any CPU.ActiveCfg = Release|Any CPU
		{B54AC425-ACDC-4C6A-A6E6-CBF1503EF0C3}.Release|Any CPU.Build.0 = Release|Any CPU
		{86CD6160-C57A-44DE-A871-EDE69E13ABB6}.Debug|Any CPU.ActiveCfg = Debug|Any CPU
		{86CD6160-C57A-44DE-A871-EDE69E13ABB6}.Debug|Any CPU.Build.0 = Debug|Any CPU
		{86CD6160-C57A-44DE-A871-EDE69E13ABB6}.Release|Any CPU.ActiveCfg = Release|Any CPU
		{86CD6160-C57A-44DE-A871-EDE69E13ABB6}.Release|Any CPU.Build.0 = Release|Any CPU
		{95F2CCF1-B198-4A19-A373-59A7BE010F5F}.Debug|Any CPU.ActiveCfg = Debug|Any CPU
		{95F2CCF1-B198-4A19-A373-59A7BE010F5F}.Debug|Any CPU.Build.0 = Debug|Any CPU
		{95F2CCF1-B198-4A19-A373-59A7BE010F5F}.Release|Any CPU.ActiveCfg = Release|Any CPU
		{95F2CCF1-B198-4A19-A373-59A7BE010F5F}.Release|Any CPU.Build.0 = Release|Any CPU
	EndGlobalSection
	GlobalSection(SolutionProperties) = preSolution
		HideSolutionNode = FALSE
	EndGlobalSection
	GlobalSection(NestedProjects) = preSolution
		{7D1C9E88-DBF3-431C-A9C9-BA4DF5FFD61D} = {B79ADDB3-3249-4271-946D-5527AD50D818}
		{E48BDC82-AC33-4B10-9D5C-C8312011211B} = {7D1C9E88-DBF3-431C-A9C9-BA4DF5FFD61D}
		{A95EA03A-B710-4761-9F65-A889BBEEC676} = {7D1C9E88-DBF3-431C-A9C9-BA4DF5FFD61D}
		{C78D6DE9-426B-490D-B2C1-EBC374F259C2} = {7D1C9E88-DBF3-431C-A9C9-BA4DF5FFD61D}
		{15F193E2-B720-4002-AFEB-205F33A01D2B} = {E48BDC82-AC33-4B10-9D5C-C8312011211B}
		{31B98DDE-2699-44C8-9466-51B65C90CC12} = {E48BDC82-AC33-4B10-9D5C-C8312011211B}
		{4C01F0C8-82BB-4E43-9096-2CF268795740} = {A95EA03A-B710-4761-9F65-A889BBEEC676}
		{B54AC425-ACDC-4C6A-A6E6-CBF1503EF0C3} = {C78D6DE9-426B-490D-B2C1-EBC374F259C2}
		{7DBF4253-215B-417E-93F4-7BEF9E1949EF} = {B79ADDB3-3249-4271-946D-5527AD50D818}
		{86CD6160-C57A-44DE-A871-EDE69E13ABB6} = {7DBF4253-215B-417E-93F4-7BEF9E1949EF}
		{95F2CCF1-B198-4A19-A373-59A7BE010F5F} = {920B69EF-E06B-4D23-A2CD-1BB048077760}
	EndGlobalSection
	GlobalSection(ExtensibilityGlobals) = postSolution
		SolutionGuid = {4142700B-7D2C-4C13-A17D-5E95AEBC846A}
	EndGlobalSection
EndGlobal
